// !$*UTF8*$!
{
	archiveVersion = 1;
	classes = {
	};
	objectVersion = 46;
	objects = {

/* Begin PBXBuildFile section */
		B953C3FA1DE5C43E00F23809 /* MapKit.framework in Frameworks */ = {isa = PBXBuildFile; fileRef = B953C3F91DE5C43E00F23809 /* MapKit.framework */; };
		B953C3FF1DE5C4C700F23809 /* locateDeviceViewController.m in Sources */ = {isa = PBXBuildFile; fileRef = B953C3FE1DE5C4C700F23809 /* locateDeviceViewController.m */; };
		B953C4031DE5CE2000F23809 /* EGSessionManager.m in Sources */ = {isa = PBXBuildFile; fileRef = B953C4021DE5CE2000F23809 /* EGSessionManager.m */; };
		B9F4456C1DD1DC1500CD7B15 /* main.m in Sources */ = {isa = PBXBuildFile; fileRef = B9F4456B1DD1DC1500CD7B15 /* main.m */; };
		B9F4456F1DD1DC1500CD7B15 /* AppDelegate.m in Sources */ = {isa = PBXBuildFile; fileRef = B9F4456E1DD1DC1500CD7B15 /* AppDelegate.m */; };
		B9F445751DD1DC1500CD7B15 /* Main.storyboard in Resources */ = {isa = PBXBuildFile; fileRef = B9F445731DD1DC1500CD7B15 /* Main.storyboard */; };
		B9F445771DD1DC1500CD7B15 /* Assets.xcassets in Resources */ = {isa = PBXBuildFile; fileRef = B9F445761DD1DC1500CD7B15 /* Assets.xcassets */; };
		B9F4457A1DD1DC1500CD7B15 /* LaunchScreen.storyboard in Resources */ = {isa = PBXBuildFile; fileRef = B9F445781DD1DC1500CD7B15 /* LaunchScreen.storyboard */; };
		B9F445881DD2EBFA00CD7B15 /* CommunicationHandler.m in Sources */ = {isa = PBXBuildFile; fileRef = B9F445871DD2EBFA00CD7B15 /* CommunicationHandler.m */; };
		B9F4458B1DD2EE7A00CD7B15 /* DevicesTableViewController.m in Sources */ = {isa = PBXBuildFile; fileRef = B9F4458A1DD2EE7A00CD7B15 /* DevicesTableViewController.m */; };
		B9F4458E1DD30EC400CD7B15 /* BTControlsViewController.m in Sources */ = {isa = PBXBuildFile; fileRef = B9F4458D1DD30EC400CD7B15 /* BTControlsViewController.m */; };
		D78569A48E552360B7FFF198 /* libPods-CBDataTransferApp.a in Frameworks */ = {isa = PBXBuildFile; fileRef = 0765FC65E2E8B9E889D3FD59 /* libPods-CBDataTransferApp.a */; };
/* End PBXBuildFile section */

/* Begin PBXFileReference section */
		0765FC65E2E8B9E889D3FD59 /* libPods-CBDataTransferApp.a */ = {isa = PBXFileReference; explicitFileType = archive.ar; includeInIndex = 0; path = "libPods-CBDataTransferApp.a"; sourceTree = BUILT_PRODUCTS_DIR; };
		0BC20E0A9986EC85B93C1E48 /* Pods-CBDataTransferApp.release.xcconfig */ = {isa = PBXFileReference; includeInIndex = 1; lastKnownFileType = text.xcconfig; name = "Pods-CBDataTransferApp.release.xcconfig"; path = "Pods/Target Support Files/Pods-CBDataTransferApp/Pods-CBDataTransferApp.release.xcconfig"; sourceTree = "<group>"; };
		B953C3F91DE5C43E00F23809 /* MapKit.framework */ = {isa = PBXFileReference; lastKnownFileType = wrapper.framework; name = MapKit.framework; path = System/Library/Frameworks/MapKit.framework; sourceTree = SDKROOT; };
		B953C3FD1DE5C4C700F23809 /* locateDeviceViewController.h */ = {isa = PBXFileReference; fileEncoding = 4; lastKnownFileType = sourcecode.c.h; path = locateDeviceViewController.h; sourceTree = "<group>"; };
		B953C3FE1DE5C4C700F23809 /* locateDeviceViewController.m */ = {isa = PBXFileReference; fileEncoding = 4; lastKnownFileType = sourcecode.c.objc; path = locateDeviceViewController.m; sourceTree = "<group>"; };
		B953C4011DE5CE2000F23809 /* EGSessionManager.h */ = {isa = PBXFileReference; fileEncoding = 4; lastKnownFileType = sourcecode.c.h; path = EGSessionManager.h; sourceTree = "<group>"; };
		B953C4021DE5CE2000F23809 /* EGSessionManager.m */ = {isa = PBXFileReference; fileEncoding = 4; lastKnownFileType = sourcecode.c.objc; path = EGSessionManager.m; sourceTree = "<group>"; };
		B953C4041DE5CEE700F23809 /* libAFNetworking.a */ = {isa = PBXFileReference; lastKnownFileType = archive.ar; name = libAFNetworking.a; path = "../../../../../Users/krishnashanbhag/Library/Developer/Xcode/DerivedData/CBDataTransferApp-eyvbwdgruzyawueaubgvonfudkjv/Build/Products/Debug-iphonesimulator/AFNetworking/libAFNetworking.a"; sourceTree = "<group>"; };
		B9F445671DD1DC1500CD7B15 /* CBDataTransferApp.app */ = {isa = PBXFileReference; explicitFileType = wrapper.application; includeInIndex = 0; path = CBDataTransferApp.app; sourceTree = BUILT_PRODUCTS_DIR; };
		B9F4456B1DD1DC1500CD7B15 /* main.m */ = {isa = PBXFileReference; lastKnownFileType = sourcecode.c.objc; path = main.m; sourceTree = "<group>"; };
		B9F4456D1DD1DC1500CD7B15 /* AppDelegate.h */ = {isa = PBXFileReference; lastKnownFileType = sourcecode.c.h; path = AppDelegate.h; sourceTree = "<group>"; };
		B9F4456E1DD1DC1500CD7B15 /* AppDelegate.m */ = {isa = PBXFileReference; lastKnownFileType = sourcecode.c.objc; path = AppDelegate.m; sourceTree = "<group>"; };
		B9F445741DD1DC1500CD7B15 /* Base */ = {isa = PBXFileReference; lastKnownFileType = file.storyboard; name = Base; path = Base.lproj/Main.storyboard; sourceTree = "<group>"; };
		B9F445761DD1DC1500CD7B15 /* Assets.xcassets */ = {isa = PBXFileReference; lastKnownFileType = folder.assetcatalog; path = Assets.xcassets; sourceTree = "<group>"; };
		B9F445791DD1DC1500CD7B15 /* Base */ = {isa = PBXFileReference; lastKnownFileType = file.storyboard; name = Base; path = Base.lproj/LaunchScreen.storyboard; sourceTree = "<group>"; };
		B9F4457B1DD1DC1500CD7B15 /* Info.plist */ = {isa = PBXFileReference; lastKnownFileType = text.plist.xml; path = Info.plist; sourceTree = "<group>"; };
		B9F445861DD2EBFA00CD7B15 /* CommunicationHandler.h */ = {isa = PBXFileReference; fileEncoding = 4; lastKnownFileType = sourcecode.c.h; path = CommunicationHandler.h; sourceTree = "<group>"; };
		B9F445871DD2EBFA00CD7B15 /* CommunicationHandler.m */ = {isa = PBXFileReference; fileEncoding = 4; lastKnownFileType = sourcecode.c.objc; path = CommunicationHandler.m; sourceTree = "<group>"; };
		B9F445891DD2EE7A00CD7B15 /* DevicesTableViewController.h */ = {isa = PBXFileReference; fileEncoding = 4; lastKnownFileType = sourcecode.c.h; path = DevicesTableViewController.h; sourceTree = "<group>"; };
		B9F4458A1DD2EE7A00CD7B15 /* DevicesTableViewController.m */ = {isa = PBXFileReference; fileEncoding = 4; lastKnownFileType = sourcecode.c.objc; path = DevicesTableViewController.m; sourceTree = "<group>"; };
		B9F4458C1DD30EC400CD7B15 /* BTControlsViewController.h */ = {isa = PBXFileReference; fileEncoding = 4; lastKnownFileType = sourcecode.c.h; path = BTControlsViewController.h; sourceTree = "<group>"; };
		B9F4458D1DD30EC400CD7B15 /* BTControlsViewController.m */ = {isa = PBXFileReference; fileEncoding = 4; lastKnownFileType = sourcecode.c.objc; path = BTControlsViewController.m; sourceTree = "<group>"; };
		CA8516A938CF22433B7407CB /* Pods-CBDataTransferApp.debug.xcconfig */ = {isa = PBXFileReference; includeInIndex = 1; lastKnownFileType = text.xcconfig; name = "Pods-CBDataTransferApp.debug.xcconfig"; path = "Pods/Target Support Files/Pods-CBDataTransferApp/Pods-CBDataTransferApp.debug.xcconfig"; sourceTree = "<group>"; };
/* End PBXFileReference section */

/* Begin PBXFrameworksBuildPhase section */
		B9F445641DD1DC1500CD7B15 /* Frameworks */ = {
			isa = PBXFrameworksBuildPhase;
			buildActionMask = 2147483647;
			files = (
				B953C3FA1DE5C43E00F23809 /* MapKit.framework in Frameworks */,
				D78569A48E552360B7FFF198 /* libPods-CBDataTransferApp.a in Frameworks */,
			);
			runOnlyForDeploymentPostprocessing = 0;
		};
/* End PBXFrameworksBuildPhase section */

/* Begin PBXGroup section */
		A1BBC38D999DC0E823168FDD /* Pods */ = {
			isa = PBXGroup;
			children = (
				CA8516A938CF22433B7407CB /* Pods-CBDataTransferApp.debug.xcconfig */,
				0BC20E0A9986EC85B93C1E48 /* Pods-CBDataTransferApp.release.xcconfig */,
			);
			name = Pods;
			sourceTree = "<group>";
		};
		B953C3F81DE5C43E00F23809 /* Frameworks */ = {
			isa = PBXGroup;
			children = (
				B953C4041DE5CEE700F23809 /* libAFNetworking.a */,
				B953C3F91DE5C43E00F23809 /* MapKit.framework */,
				0765FC65E2E8B9E889D3FD59 /* libPods-CBDataTransferApp.a */,
			);
			name = Frameworks;
			sourceTree = "<group>";
		};
		B953C3FB1DE5C4A000F23809 /* GPS */ = {
			isa = PBXGroup;
			children = (
				B953C3FC1DE5C4A000F23809 /* MapViewController */,
			);
			path = GPS;
			sourceTree = "<group>";
		};
		B953C3FC1DE5C4A000F23809 /* MapViewController */ = {
			isa = PBXGroup;
			children = (
				B953C3FD1DE5C4C700F23809 /* locateDeviceViewController.h */,
				B953C3FE1DE5C4C700F23809 /* locateDeviceViewController.m */,
			);
			path = MapViewController;
			sourceTree = "<group>";
		};
		B953C4001DE5CE2000F23809 /* RequestManager */ = {
			isa = PBXGroup;
			children = (
				B953C4011DE5CE2000F23809 /* EGSessionManager.h */,
				B953C4021DE5CE2000F23809 /* EGSessionManager.m */,
			);
			path = RequestManager;
			sourceTree = "<group>";
		};
		B9F4455E1DD1DC1500CD7B15 = {
			isa = PBXGroup;
			children = (
				B9F445691DD1DC1500CD7B15 /* CBDataTransferApp */,
				B9F445681DD1DC1500CD7B15 /* Products */,
				B953C3F81DE5C43E00F23809 /* Frameworks */,
				A1BBC38D999DC0E823168FDD /* Pods */,
			);
			sourceTree = "<group>";
		};
		B9F445681DD1DC1500CD7B15 /* Products */ = {
			isa = PBXGroup;
			children = (
				B9F445671DD1DC1500CD7B15 /* CBDataTransferApp.app */,
			);
			name = Products;
			sourceTree = "<group>";
		};
		B9F445691DD1DC1500CD7B15 /* CBDataTransferApp */ = {
			isa = PBXGroup;
			children = (
				B953C4001DE5CE2000F23809 /* RequestManager */,
				B953C3FB1DE5C4A000F23809 /* GPS */,
				B9F445811DD1DCB100CD7B15 /* DeviceListController */,
				B9F4456D1DD1DC1500CD7B15 /* AppDelegate.h */,
				B9F4456E1DD1DC1500CD7B15 /* AppDelegate.m */,
				B9F445731DD1DC1500CD7B15 /* Main.storyboard */,
				B9F445761DD1DC1500CD7B15 /* Assets.xcassets */,
				B9F445781DD1DC1500CD7B15 /* LaunchScreen.storyboard */,
				B9F4457B1DD1DC1500CD7B15 /* Info.plist */,
				B9F4456A1DD1DC1500CD7B15 /* Supporting Files */,
				B9F445861DD2EBFA00CD7B15 /* CommunicationHandler.h */,
				B9F445871DD2EBFA00CD7B15 /* CommunicationHandler.m */,
				B9F4458C1DD30EC400CD7B15 /* BTControlsViewController.h */,
				B9F4458D1DD30EC400CD7B15 /* BTControlsViewController.m */,
			);
			path = CBDataTransferApp;
			sourceTree = "<group>";
		};
		B9F4456A1DD1DC1500CD7B15 /* Supporting Files */ = {
			isa = PBXGroup;
			children = (
				B9F4456B1DD1DC1500CD7B15 /* main.m */,
			);
			name = "Supporting Files";
			sourceTree = "<group>";
		};
		B9F445811DD1DCB100CD7B15 /* DeviceListController */ = {
			isa = PBXGroup;
			children = (
				B9F445891DD2EE7A00CD7B15 /* DevicesTableViewController.h */,
				B9F4458A1DD2EE7A00CD7B15 /* DevicesTableViewController.m */,
			);
			path = DeviceListController;
			sourceTree = "<group>";
		};
/* End PBXGroup section */

/* Begin PBXNativeTarget section */
		B9F445661DD1DC1500CD7B15 /* CBDataTransferApp */ = {
			isa = PBXNativeTarget;
			buildConfigurationList = B9F4457E1DD1DC1500CD7B15 /* Build configuration list for PBXNativeTarget "CBDataTransferApp" */;
			buildPhases = (
				84FBAF327EDA595EB6D13575 /* [CP] Check Pods Manifest.lock */,
				B9F445631DD1DC1500CD7B15 /* Sources */,
				B9F445641DD1DC1500CD7B15 /* Frameworks */,
				B9F445651DD1DC1500CD7B15 /* Resources */,
				FB41B728F99579AD468F5C36 /* [CP] Embed Pods Frameworks */,
				29FFDBFA80BDA0080C28A3B2 /* [CP] Copy Pods Resources */,
			);
			buildRules = (
			);
			dependencies = (
			);
			name = CBDataTransferApp;
			productName = CBDataTransferApp;
			productReference = B9F445671DD1DC1500CD7B15 /* CBDataTransferApp.app */;
			productType = "com.apple.product-type.application";
		};
/* End PBXNativeTarget section */

/* Begin PBXProject section */
		B9F4455F1DD1DC1500CD7B15 /* Project object */ = {
			isa = PBXProject;
			attributes = {
				LastUpgradeCheck = 0800;
				ORGANIZATIONNAME = "WireCamp Interactive";
				TargetAttributes = {
					B9F445661DD1DC1500CD7B15 = {
						CreatedOnToolsVersion = 8.0;
						DevelopmentTeam = FY468TWE48;
						ProvisioningStyle = Automatic;
					};
				};
			};
			buildConfigurationList = B9F445621DD1DC1500CD7B15 /* Build configuration list for PBXProject "CBDataTransferApp" */;
			compatibilityVersion = "Xcode 3.2";
			developmentRegion = English;
			hasScannedForEncodings = 0;
			knownRegions = (
				en,
				Base,
			);
			mainGroup = B9F4455E1DD1DC1500CD7B15;
			productRefGroup = B9F445681DD1DC1500CD7B15 /* Products */;
			projectDirPath = "";
			projectRoot = "";
			targets = (
				B9F445661DD1DC1500CD7B15 /* CBDataTransferApp */,
			);
		};
/* End PBXProject section */

/* Begin PBXResourcesBuildPhase section */
		B9F445651DD1DC1500CD7B15 /* Resources */ = {
			isa = PBXResourcesBuildPhase;
			buildActionMask = 2147483647;
			files = (
				B9F4457A1DD1DC1500CD7B15 /* LaunchScreen.storyboard in Resources */,
				B9F445771DD1DC1500CD7B15 /* Assets.xcassets in Resources */,
				B9F445751DD1DC1500CD7B15 /* Main.storyboard in Resources */,
			);
			runOnlyForDeploymentPostprocessing = 0;
		};
/* End PBXResourcesBuildPhase section */

/* Begin PBXShellScriptBuildPhase section */
		29FFDBFA80BDA0080C28A3B2 /* [CP] Copy Pods Resources */ = {
			isa = PBXShellScriptBuildPhase;
			buildActionMask = 2147483647;
			files = (
			);
			inputPaths = (
			);
			name = "[CP] Copy Pods Resources";
			outputPaths = (
			);
			runOnlyForDeploymentPostprocessing = 0;
			shellPath = /bin/sh;
			shellScript = "\"${SRCROOT}/Pods/Target Support Files/Pods-CBDataTransferApp/Pods-CBDataTransferApp-resources.sh\"\n";
			showEnvVarsInLog = 0;
		};
		84FBAF327EDA595EB6D13575 /* [CP] Check Pods Manifest.lock */ = {
			isa = PBXShellScriptBuildPhase;
			buildActionMask = 2147483647;
			files = (
			);
			inputPaths = (
			);
			name = "[CP] Check Pods Manifest.lock";
			outputPaths = (
			);
			runOnlyForDeploymentPostprocessing = 0;
			shellPath = /bin/sh;
			shellScript = "diff \"${PODS_ROOT}/../Podfile.lock\" \"${PODS_ROOT}/Manifest.lock\" > /dev/null\nif [[ $? != 0 ]] ; then\n    cat << EOM\nerror: The sandbox is not in sync with the Podfile.lock. Run 'pod install' or update your CocoaPods installation.\nEOM\n    exit 1\nfi\n";
			showEnvVarsInLog = 0;
		};
		FB41B728F99579AD468F5C36 /* [CP] Embed Pods Frameworks */ = {
			isa = PBXShellScriptBuildPhase;
			buildActionMask = 2147483647;
			files = (
			);
			inputPaths = (
			);
			name = "[CP] Embed Pods Frameworks";
			outputPaths = (
			);
			runOnlyForDeploymentPostprocessing = 0;
			shellPath = /bin/sh;
			shellScript = "\"${SRCROOT}/Pods/Target Support Files/Pods-CBDataTransferApp/Pods-CBDataTransferApp-frameworks.sh\"\n";
			showEnvVarsInLog = 0;
		};
/* End PBXShellScriptBuildPhase section */

/* Begin PBXSourcesBuildPhase section */
		B9F445631DD1DC1500CD7B15 /* Sources */ = {
			isa = PBXSourcesBuildPhase;
			buildActionMask = 2147483647;
			files = (
				B9F4458E1DD30EC400CD7B15 /* BTControlsViewController.m in Sources */,
				B9F445881DD2EBFA00CD7B15 /* CommunicationHandler.m in Sources */,
				B9F4456F1DD1DC1500CD7B15 /* AppDelegate.m in Sources */,
				B9F4456C1DD1DC1500CD7B15 /* main.m in Sources */,
				B953C3FF1DE5C4C700F23809 /* locateDeviceViewController.m in Sources */,
				B9F4458B1DD2EE7A00CD7B15 /* DevicesTableViewController.m in Sources */,
				B953C4031DE5CE2000F23809 /* EGSessionManager.m in Sources */,
			);
			runOnlyForDeploymentPostprocessing = 0;
		};
/* End PBXSourcesBuildPhase section */

/* Begin PBXVariantGroup section */
		B9F445731DD1DC1500CD7B15 /* Main.storyboard */ = {
			isa = PBXVariantGroup;
			children = (
				B9F445741DD1DC1500CD7B15 /* Base */,
			);
			name = Main.storyboard;
			sourceTree = "<group>";
		};
		B9F445781DD1DC1500CD7B15 /* LaunchScreen.storyboard */ = {
			isa = PBXVariantGroup;
			children = (
				B9F445791DD1DC1500CD7B15 /* Base */,
			);
			name = LaunchScreen.storyboard;
			sourceTree = "<group>";
		};
/* End PBXVariantGroup section */

/* Begin XCBuildConfiguration section */
		B9F4457C1DD1DC1500CD7B15 /* Debug */ = {
			isa = XCBuildConfiguration;
			buildSettings = {
				ALWAYS_SEARCH_USER_PATHS = NO;
				CLANG_ANALYZER_NONNULL = YES;
				CLANG_CXX_LANGUAGE_STANDARD = "gnu++0x";
				CLANG_CXX_LIBRARY = "libc++";
				CLANG_ENABLE_MODULES = YES;
				CLANG_ENABLE_OBJC_ARC = YES;
				CLANG_WARN_BOOL_CONVERSION = YES;
				CLANG_WARN_CONSTANT_CONVERSION = YES;
				CLANG_WARN_DIRECT_OBJC_ISA_USAGE = YES_ERROR;
				CLANG_WARN_DOCUMENTATION_COMMENTS = YES;
				CLANG_WARN_EMPTY_BODY = YES;
				CLANG_WARN_ENUM_CONVERSION = YES;
				CLANG_WARN_INFINITE_RECURSION = YES;
				CLANG_WARN_INT_CONVERSION = YES;
				CLANG_WARN_OBJC_ROOT_CLASS = YES_ERROR;
				CLANG_WARN_SUSPICIOUS_MOVES = YES;
				CLANG_WARN_UNREACHABLE_CODE = YES;
				CLANG_WARN__DUPLICATE_METHOD_MATCH = YES;
				"CODE_SIGN_IDENTITY[sdk=iphoneos*]" = "iPhone Developer";
				COPY_PHASE_STRIP = NO;
				DEBUG_INFORMATION_FORMAT = dwarf;
				ENABLE_STRICT_OBJC_MSGSEND = YES;
				ENABLE_TESTABILITY = YES;
				GCC_C_LANGUAGE_STANDARD = gnu99;
				GCC_DYNAMIC_NO_PIC = NO;
				GCC_NO_COMMON_BLOCKS = YES;
				GCC_OPTIMIZATION_LEVEL = 0;
				GCC_PREPROCESSOR_DEFINITIONS = (
					"DEBUG=1",
					"$(inherited)",
				);
				GCC_WARN_64_TO_32_BIT_CONVERSION = YES;
				GCC_WARN_ABOUT_RETURN_TYPE = YES_ERROR;
				GCC_WARN_UNDECLARED_SELECTOR = YES;
				GCC_WARN_UNINITIALIZED_AUTOS = YES_AGGRESSIVE;
				GCC_WARN_UNUSED_FUNCTION = YES;
				GCC_WARN_UNUSED_VARIABLE = YES;
				IPHONEOS_DEPLOYMENT_TARGET = 10.0;
				MTL_ENABLE_DEBUG_INFO = YES;
				ONLY_ACTIVE_ARCH = YES;
				SDKROOT = iphoneos;
			};
			name = Debug;
		};
		B9F4457D1DD1DC1500CD7B15 /* Release */ = {
			isa = XCBuildConfiguration;
			buildSettings = {
				ALWAYS_SEARCH_USER_PATHS = NO;
				CLANG_ANALYZER_NONNULL = YES;
				CLANG_CXX_LANGUAGE_STANDARD = "gnu++0x";
				CLANG_CXX_LIBRARY = "libc++";
				CLANG_ENABLE_MODULES = YES;
				CLANG_ENABLE_OBJC_ARC = YES;
				CLANG_WARN_BOOL_CONVERSION = YES;
				CLANG_WARN_CONSTANT_CONVERSION = YES;
				CLANG_WARN_DIRECT_OBJC_ISA_USAGE = YES_ERROR;
				CLANG_WARN_DOCUMENTATION_COMMENTS = YES;
				CLANG_WARN_EMPTY_BODY = YES;
				CLANG_WARN_ENUM_CONVERSION = YES;
				CLANG_WARN_INFINITE_RECURSION = YES;
				CLANG_WARN_INT_CONVERSION = YES;
				CLANG_WARN_OBJC_ROOT_CLASS = YES_ERROR;
				CLANG_WARN_SUSPICIOUS_MOVES = YES;
				CLANG_WARN_UNREACHABLE_CODE = YES;
				CLANG_WARN__DUPLICATE_METHOD_MATCH = YES;
				"CODE_SIGN_IDENTITY[sdk=iphoneos*]" = "iPhone Developer";
				COPY_PHASE_STRIP = NO;
				DEBUG_INFORMATION_FORMAT = "dwarf-with-dsym";
				ENABLE_NS_ASSERTIONS = NO;
				ENABLE_STRICT_OBJC_MSGSEND = YES;
				GCC_C_LANGUAGE_STANDARD = gnu99;
				GCC_NO_COMMON_BLOCKS = YES;
				GCC_WARN_64_TO_32_BIT_CONVERSION = YES;
				GCC_WARN_ABOUT_RETURN_TYPE = YES_ERROR;
				GCC_WARN_UNDECLARED_SELECTOR = YES;
				GCC_WARN_UNINITIALIZED_AUTOS = YES_AGGRESSIVE;
				GCC_WARN_UNUSED_FUNCTION = YES;
				GCC_WARN_UNUSED_VARIABLE = YES;
				IPHONEOS_DEPLOYMENT_TARGET = 10.0;
				MTL_ENABLE_DEBUG_INFO = NO;
				SDKROOT = iphoneos;
				VALIDATE_PRODUCT = YES;
			};
			name = Release;
		};
		B9F4457F1DD1DC1500CD7B15 /* Debug */ = {
			isa = XCBuildConfiguration;
			baseConfigurationReference = CA8516A938CF22433B7407CB /* Pods-CBDataTransferApp.debug.xcconfig */;
			buildSettings = {
				ASSETCATALOG_COMPILER_APPICON_NAME = AppIcon;
				CODE_SIGN_IDENTITY = "iPhone Developer";
				DEVELOPMENT_TEAM = FY468TWE48;
				INFOPLIST_FILE = CBDataTransferApp/Info.plist;
				LD_RUNPATH_SEARCH_PATHS = "$(inherited) @executable_path/Frameworks";
				PRODUCT_BUNDLE_IDENTIFIER = com.WC.CBDataTransferApp;
				PRODUCT_NAME = "$(TARGET_NAME)";
			};
			name = Debug;
		};
		B9F445801DD1DC1500CD7B15 /* Release */ = {
			isa = XCBuildConfiguration;
			baseConfigurationReference = 0BC20E0A9986EC85B93C1E48 /* Pods-CBDataTransferApp.release.xcconfig */;
			buildSettings = {
				ASSETCATALOG_COMPILER_APPICON_NAME = AppIcon;
				CODE_SIGN_IDENTITY = "iPhone Developer";
				DEVELOPMENT_TEAM = FY468TWE48;
				INFOPLIST_FILE = CBDataTransferApp/Info.plist;
				LD_RUNPATH_SEARCH_PATHS = "$(inherited) @executable_path/Frameworks";
				PRODUCT_BUNDLE_IDENTIFIER = com.WC.CBDataTransferApp;
				PRODUCT_NAME = "$(TARGET_NAME)";
			};
			name = Release;
		};
/* End XCBuildConfiguration section */

/* Begin XCConfigurationList section */
		B9F445621DD1DC1500CD7B15 /* Build configuration list for PBXProject "CBDataTransferApp" */ = {
			isa = XCConfigurationList;
			buildConfigurations = (
				B9F4457C1DD1DC1500CD7B15 /* Debug */,
				B9F4457D1DD1DC1500CD7B15 /* Release */,
			);
			defaultConfigurationIsVisible = 0;
			defaultConfigurationName = Release;
		};
		B9F4457E1DD1DC1500CD7B15 /* Build configuration list for PBXNativeTarget "CBDataTransferApp" */ = {
			isa = XCConfigurationList;
			buildConfigurations = (
				B9F4457F1DD1DC1500CD7B15 /* Debug */,
				B9F445801DD1DC1500CD7B15 /* Release */,
			);
			defaultConfigurationIsVisible = 0;
			defaultConfigurationName = Release;
		};
/* End XCConfigurationList section */
	};
	rootObject = B9F4455F1DD1DC1500CD7B15 /* Project object */;
}
